
Microsoft Visual Studio Solution File, Format Version 12.00
# Visual Studio Version 17
VisualStudioVersion = 17.6.33712.159
MinimumVisualStudioVersion = 10.0.40219.1
Project("{FAE04EC0-301F-11D3-BF4B-00C04F79EFBC}") = "WCFServicioLibreria", "WCFServicioLibreria.csproj", "{B3721067-1B63-4895-B426-A2E2C0F19470}"
EndProject
Global
	GlobalSection(SolutionConfigurationPlatforms) = preSolution
		Debug|Any CPU = Debug|Any CPU
		Release|Any CPU = Release|Any CPU
	EndGlobalSection
	GlobalSection(ProjectConfigurationPlatforms) = postSolution
		{B3721067-1B63-4895-B426-A2E2C0F19470}.Debug|Any CPU.ActiveCfg = Debug|Any CPU
		{B3721067-1B63-4895-B426-A2E2C0F19470}.Debug|Any CPU.Build.0 = Debug|Any CPU
		{B3721067-1B63-4895-B426-A2E2C0F19470}.Release|Any CPU.ActiveCfg = Release|Any CPU
		{B3721067-1B63-4895-B426-A2E2C0F19470}.Release|Any CPU.Build.0 = Release|Any CPU
	EndGlobalSection
	GlobalSection(SolutionProperties) = preSolution
		HideSolutionNode = FALSE
	EndGlobalSection
	GlobalSection(ExtensibilityGlobals) = postSolution
		SolutionGuid = {73DCD120-215E-4D0E-B27C-2DFD3823A080}
	EndGlobalSection
EndGlobal
